
Microsoft Visual Studio Solution File, Format Version 12.00
# Visual Studio Version 17
VisualStudioVersion = 17.0.32112.339
MinimumVisualStudioVersion = 10.0.40219.1
Project("{FAE04EC0-301F-11D3-BF4B-00C04F79EFBC}") = "EW6502", "EW6502\EW6502.csproj", "{7A364282-BC73-4CF5-9AA1-D72E50F98A7B}"
EndProject
Global
	GlobalSection(SolutionConfigurationPlatforms) = preSolution
		Debug|Any CPU = Debug|Any CPU
		Release|Any CPU = Release|Any CPU
	EndGlobalSection
	GlobalSection(ProjectConfigurationPlatforms) = postSolution
		{7A364282-BC73-4CF5-9AA1-D72E50F98A7B}.Debug|Any CPU.ActiveCfg = Debug|Any CPU
		{7A364282-BC73-4CF5-9AA1-D72E50F98A7B}.Debug|Any CPU.Build.0 = Debug|Any CPU
		{7A364282-BC73-4CF5-9AA1-D72E50F98A7B}.Release|Any CPU.ActiveCfg = Release|Any CPU
		{7A364282-BC73-4CF5-9AA1-D72E50F98A7B}.Release|Any CPU.Build.0 = Release|Any CPU
	EndGlobalSection
	GlobalSection(SolutionProperties) = preSolution
		HideSolutionNode = FALSE
	EndGlobalSection
	GlobalSection(ExtensibilityGlobals) = postSolution
		SolutionGuid = {ED1B1F9E-706E-406F-900B-BED8986870B1}
	EndGlobalSection
EndGlobal
